
Microsoft Visual Studio Solution File, Format Version 12.00
# Visual Studio Version 16
VisualStudioVersion = 16.0.31205.134
MinimumVisualStudioVersion = 10.0.40219.1
Project("{FAE04EC0-301F-11D3-BF4B-00C04F79EFBC}") = "Indexing.BL", "Indexing.BL\Indexing.BL.csproj", "{17FB91B9-E026-42A6-99D5-FDA42054D0A9}"
EndProject
Project("{FAE04EC0-301F-11D3-BF4B-00C04F79EFBC}") = "Indexing.TimeAnalytics", "Indexing.TimeAnalytics\Indexing.TimeAnalytics.csproj", "{A07841AB-F219-445D-89F5-4D2BAB19ED79}"
EndProject
Project("{FAE04EC0-301F-11D3-BF4B-00C04F79EFBC}") = "Indexing.Application.Server", "Indexing.Application.Server\Indexing.Application.Server.csproj", "{3D72AA1B-F95F-499B-AFFB-6B2EFC43361F}"
	ProjectSection(ProjectDependencies) = postProject
		{17FB91B9-E026-42A6-99D5-FDA42054D0A9} = {17FB91B9-E026-42A6-99D5-FDA42054D0A9}
	EndProjectSection
EndProject
Project("{FAE04EC0-301F-11D3-BF4B-00C04F79EFBC}") = "Indexing.BL.Tests", "Indexing.BL.Tests\Indexing.BL.Tests.csproj", "{3E9AC4FE-D4EE-40B6-B1C8-B1EFBC0E6E94}"
EndProject
Project("{FAE04EC0-301F-11D3-BF4B-00C04F79EFBC}") = "Indexing.Application.Client", "Indexing.Application.Client\Indexing.Application.Client.csproj", "{0FD53B07-671C-44D4-8DC8-9A5D7054ABDC}"
EndProject
Global
	GlobalSection(SolutionConfigurationPlatforms) = preSolution
		Debug|Any CPU = Debug|Any CPU
		Release|Any CPU = Release|Any CPU
	EndGlobalSection
	GlobalSection(ProjectConfigurationPlatforms) = postSolution
		{17FB91B9-E026-42A6-99D5-FDA42054D0A9}.Debug|Any CPU.ActiveCfg = Debug|Any CPU
		{17FB91B9-E026-42A6-99D5-FDA42054D0A9}.Debug|Any CPU.Build.0 = Debug|Any CPU
		{17FB91B9-E026-42A6-99D5-FDA42054D0A9}.Release|Any CPU.ActiveCfg = Release|Any CPU
		{17FB91B9-E026-42A6-99D5-FDA42054D0A9}.Release|Any CPU.Build.0 = Release|Any CPU
		{A07841AB-F219-445D-89F5-4D2BAB19ED79}.Debug|Any CPU.ActiveCfg = Debug|Any CPU
		{A07841AB-F219-445D-89F5-4D2BAB19ED79}.Debug|Any CPU.Build.0 = Debug|Any CPU
		{A07841AB-F219-445D-89F5-4D2BAB19ED79}.Release|Any CPU.ActiveCfg = Release|Any CPU
		{A07841AB-F219-445D-89F5-4D2BAB19ED79}.Release|Any CPU.Build.0 = Release|Any CPU
		{3D72AA1B-F95F-499B-AFFB-6B2EFC43361F}.Debug|Any CPU.ActiveCfg = Debug|Any CPU
		{3D72AA1B-F95F-499B-AFFB-6B2EFC43361F}.Debug|Any CPU.Build.0 = Debug|Any CPU
		{3D72AA1B-F95F-499B-AFFB-6B2EFC43361F}.Release|Any CPU.ActiveCfg = Release|Any CPU
		{3D72AA1B-F95F-499B-AFFB-6B2EFC43361F}.Release|Any CPU.Build.0 = Release|Any CPU
		{3E9AC4FE-D4EE-40B6-B1C8-B1EFBC0E6E94}.Debug|Any CPU.ActiveCfg = Debug|Any CPU
		{3E9AC4FE-D4EE-40B6-B1C8-B1EFBC0E6E94}.Debug|Any CPU.Build.0 = Debug|Any CPU
		{3E9AC4FE-D4EE-40B6-B1C8-B1EFBC0E6E94}.Release|Any CPU.ActiveCfg = Release|Any CPU
		{3E9AC4FE-D4EE-40B6-B1C8-B1EFBC0E6E94}.Release|Any CPU.Build.0 = Release|Any CPU
		{0FD53B07-671C-44D4-8DC8-9A5D7054ABDC}.Debug|Any CPU.ActiveCfg = Debug|Any CPU
		{0FD53B07-671C-44D4-8DC8-9A5D7054ABDC}.Debug|Any CPU.Build.0 = Debug|Any CPU
		{0FD53B07-671C-44D4-8DC8-9A5D7054ABDC}.Release|Any CPU.ActiveCfg = Release|Any CPU
		{0FD53B07-671C-44D4-8DC8-9A5D7054ABDC}.Release|Any CPU.Build.0 = Release|Any CPU
	EndGlobalSection
	GlobalSection(SolutionProperties) = preSolution
		HideSolutionNode = FALSE
	EndGlobalSection
	GlobalSection(ExtensibilityGlobals) = postSolution
		SolutionGuid = {3EB6203E-E76E-4A63-8DA1-DA0AA443486B}
	EndGlobalSection
EndGlobal
